
Microsoft Visual Studio Solution File, Format Version 12.00
# Visual Studio 15
VisualStudioVersion = 15.0.27428.2037
MinimumVisualStudioVersion = 10.0.40219.1
Project("{9A19103F-16F7-4668-BE54-9A1E7A4F7556}") = "SharperUniverse", "SharperUniverse\SharperUniverse.csproj", "{B6066B38-BC9D-4D38-8248-6E126AA8D6B9}"
EndProject
Project("{9A19103F-16F7-4668-BE54-9A1E7A4F7556}") = "ExampleECSUsageConsole", "ExampleECSUsageConsole\ExampleECSUsageConsole.csproj", "{C655C50B-E6ED-48CA-B9C2-9DF5BBB8D5B2}"
EndProject
Project("{9A19103F-16F7-4668-BE54-9A1E7A4F7556}") = "SharperUniverse.Tests", "SharperUniverse.Tests\SharperUniverse.Tests.csproj", "{58928961-65C1-4790-82A3-1B5BAE326378}"
EndProject
Project("{9A19103F-16F7-4668-BE54-9A1E7A4F7556}") = "SharperUniverse.Example.GuessingGame", "SharperUniverse.Example.GuessingGame\SharperUniverse.Example.GuessingGame.csproj", "{DE9D4D1D-40CC-4467-A8AE-9630BE0444EE}"
EndProject
Project("{FAE04EC0-301F-11D3-BF4B-00C04F79EFBC}") = "SharperUniverse.Example.MathGame", "SharperUniverse.Example.MathGame\SharperUniverse.Example.MathGame.csproj", "{52CA85B6-ED45-4ADC-9791-AF07361BB97B}"
EndProject
Global
	GlobalSection(SolutionConfigurationPlatforms) = preSolution
		Debug|Any CPU = Debug|Any CPU
		Release|Any CPU = Release|Any CPU
	EndGlobalSection
	GlobalSection(ProjectConfigurationPlatforms) = postSolution
		{B6066B38-BC9D-4D38-8248-6E126AA8D6B9}.Debug|Any CPU.ActiveCfg = Debug|Any CPU
		{B6066B38-BC9D-4D38-8248-6E126AA8D6B9}.Debug|Any CPU.Build.0 = Debug|Any CPU
		{B6066B38-BC9D-4D38-8248-6E126AA8D6B9}.Release|Any CPU.ActiveCfg = Release|Any CPU
		{B6066B38-BC9D-4D38-8248-6E126AA8D6B9}.Release|Any CPU.Build.0 = Release|Any CPU
		{C655C50B-E6ED-48CA-B9C2-9DF5BBB8D5B2}.Debug|Any CPU.ActiveCfg = Debug|Any CPU
		{C655C50B-E6ED-48CA-B9C2-9DF5BBB8D5B2}.Debug|Any CPU.Build.0 = Debug|Any CPU
		{C655C50B-E6ED-48CA-B9C2-9DF5BBB8D5B2}.Release|Any CPU.ActiveCfg = Release|Any CPU
		{C655C50B-E6ED-48CA-B9C2-9DF5BBB8D5B2}.Release|Any CPU.Build.0 = Release|Any CPU
		{58928961-65C1-4790-82A3-1B5BAE326378}.Debug|Any CPU.ActiveCfg = Debug|Any CPU
		{58928961-65C1-4790-82A3-1B5BAE326378}.Debug|Any CPU.Build.0 = Debug|Any CPU
		{58928961-65C1-4790-82A3-1B5BAE326378}.Release|Any CPU.ActiveCfg = Release|Any CPU
		{58928961-65C1-4790-82A3-1B5BAE326378}.Release|Any CPU.Build.0 = Release|Any CPU
		{DE9D4D1D-40CC-4467-A8AE-9630BE0444EE}.Debug|Any CPU.ActiveCfg = Debug|Any CPU
		{DE9D4D1D-40CC-4467-A8AE-9630BE0444EE}.Debug|Any CPU.Build.0 = Debug|Any CPU
		{DE9D4D1D-40CC-4467-A8AE-9630BE0444EE}.Release|Any CPU.ActiveCfg = Release|Any CPU
		{DE9D4D1D-40CC-4467-A8AE-9630BE0444EE}.Release|Any CPU.Build.0 = Release|Any CPU
		{52CA85B6-ED45-4ADC-9791-AF07361BB97B}.Debug|Any CPU.ActiveCfg = Debug|Any CPU
		{52CA85B6-ED45-4ADC-9791-AF07361BB97B}.Debug|Any CPU.Build.0 = Debug|Any CPU
		{52CA85B6-ED45-4ADC-9791-AF07361BB97B}.Release|Any CPU.ActiveCfg = Release|Any CPU
		{52CA85B6-ED45-4ADC-9791-AF07361BB97B}.Release|Any CPU.Build.0 = Release|Any CPU
	EndGlobalSection
	GlobalSection(SolutionProperties) = preSolution
		HideSolutionNode = FALSE
	EndGlobalSection
	GlobalSection(ExtensibilityGlobals) = postSolution
		SolutionGuid = {F7733E94-4CFC-4CE5-B728-58249D30AD3D}
	EndGlobalSection
EndGlobal
